
Microsoft Visual Studio Solution File, Format Version 12.00
# Visual Studio 2013
VisualStudioVersion = 12.0.31101.0
MinimumVisualStudioVersion = 10.0.40219.1
Project("{FAE04EC0-301F-11D3-BF4B-00C04F79EFBC}") = "bavc.ru", "bavc.ru\bavc.ru.csproj", "{701CF150-7EBB-4D3D-B058-A1B0BB324CBB}"
EndProject
Project("{FAE04EC0-301F-11D3-BF4B-00C04F79EFBC}") = "bavc.ru.Tests", "bavc.ru.Tests\bavc.ru.Tests.csproj", "{9B17DF41-56DA-4383-A08A-451640712581}"
EndProject
Project("{FAE04EC0-301F-11D3-BF4B-00C04F79EFBC}") = "WebFramework", "WebFramework\WebFramework.csproj", "{1A7A9A20-A4FA-4EA2-943D-40E0ABF39227}"
EndProject
Global
	GlobalSection(SolutionConfigurationPlatforms) = preSolution
		Debug|Any CPU = Debug|Any CPU
		Release|Any CPU = Release|Any CPU
	EndGlobalSection
	GlobalSection(ProjectConfigurationPlatforms) = postSolution
		{701CF150-7EBB-4D3D-B058-A1B0BB324CBB}.Debug|Any CPU.ActiveCfg = Debug|Any CPU
		{701CF150-7EBB-4D3D-B058-A1B0BB324CBB}.Debug|Any CPU.Build.0 = Debug|Any CPU
		{701CF150-7EBB-4D3D-B058-A1B0BB324CBB}.Release|Any CPU.ActiveCfg = Release|Any CPU
		{701CF150-7EBB-4D3D-B058-A1B0BB324CBB}.Release|Any CPU.Build.0 = Release|Any CPU
		{9B17DF41-56DA-4383-A08A-451640712581}.Debug|Any CPU.ActiveCfg = Debug|Any CPU
		{9B17DF41-56DA-4383-A08A-451640712581}.Debug|Any CPU.Build.0 = Debug|Any CPU
		{9B17DF41-56DA-4383-A08A-451640712581}.Release|Any CPU.ActiveCfg = Release|Any CPU
		{9B17DF41-56DA-4383-A08A-451640712581}.Release|Any CPU.Build.0 = Release|Any CPU
		{1A7A9A20-A4FA-4EA2-943D-40E0ABF39227}.Debug|Any CPU.ActiveCfg = Debug|Any CPU
		{1A7A9A20-A4FA-4EA2-943D-40E0ABF39227}.Debug|Any CPU.Build.0 = Debug|Any CPU
		{1A7A9A20-A4FA-4EA2-943D-40E0ABF39227}.Release|Any CPU.ActiveCfg = Release|Any CPU
		{1A7A9A20-A4FA-4EA2-943D-40E0ABF39227}.Release|Any CPU.Build.0 = Release|Any CPU
	EndGlobalSection
	GlobalSection(SolutionProperties) = preSolution
		HideSolutionNode = FALSE
	EndGlobalSection
EndGlobal
